// !$*UTF8*$!
{
	archiveVersion = 1;
	classes = {
	};
	objectVersion = 52;
	objects = {

/* Begin PBXBuildFile section */
		51D515AD24EE845300DD6638 /* main.m in Sources */ = {isa = PBXBuildFile; fileRef = 51D515AC24EE845300DD6638 /* main.m */; };
		AD6479DB24EBE09200B0F41F /* ApplePlatformsIntegrationTests.mm in Sources */ = {isa = PBXBuildFile; fileRef = AD6479DA24EBE09200B0F41F /* ApplePlatformsIntegrationTests.mm */; };
		ADEC7BC524EC008E005AD0D1 /* ApplePlatformsIntegrationTests.mm in Sources */ = {isa = PBXBuildFile; fileRef = AD6479DA24EBE09200B0F41F /* ApplePlatformsIntegrationTests.mm */; };
		BD7F5A0B694325283B2814D0 /* Pods_ApplePlatformsIntegrationMobileTests.framework in Frameworks */ = {isa = PBXBuildFile; fileRef = 6619CF7A1ECB0F579C45302C /* Pods_ApplePlatformsIntegrationMobileTests.framework */; platformFilter = ios; settings = {ATTRIBUTES = (Required, ); }; };
		D90DCAA1728B38F09D8C1AB2 /* Pods_ApplePlatformsIntegrationMacTests.framework in Frameworks */ = {isa = PBXBuildFile; fileRef = 0B4A83CBA7E5D07AC8857DD8 /* Pods_ApplePlatformsIntegrationMacTests.framework */; };
/* End PBXBuildFile section */

/* Begin PBXContainerItemProxy section */
		51D515B124EE84BE00DD6638 /* PBXContainerItemProxy */ = {
			isa = PBXContainerItemProxy;
			containerPortal = 51387F3024B4D93100BDA32A /* Project object */;
			proxyType = 1;
			remoteGlobalIDString = 51D5159724EE845200DD6638;
			remoteInfo = iOSDeviceTestHostApp;
		};
/* End PBXContainerItemProxy section */

/* Begin PBXFileReference section */
		0B4A83CBA7E5D07AC8857DD8 /* Pods_ApplePlatformsIntegrationMacTests.framework */ = {isa = PBXFileReference; explicitFileType = wrapper.framework; includeInIndex = 0; path = Pods_ApplePlatformsIntegrationMacTests.framework; sourceTree = BUILT_PRODUCTS_DIR; };
		1C38019945AA9814D0B91781 /* Pods_ApplePlatformsIntegrationTestMobileApp.framework */ = {isa = PBXFileReference; explicitFileType = wrapper.framework; includeInIndex = 0; path = Pods_ApplePlatformsIntegrationTestMobileApp.framework; sourceTree = BUILT_PRODUCTS_DIR; };
		367A118885A42674684FEA4A /* Pods-ApplePlatformsIntegrationTestMobileApp.debug.xcconfig */ = {isa = PBXFileReference; includeInIndex = 1; lastKnownFileType = text.xcconfig; name = "Pods-ApplePlatformsIntegrationTestMobileApp.debug.xcconfig"; path = "Target Support Files/Pods-ApplePlatformsIntegrationTestMobileApp/Pods-ApplePlatformsIntegrationTestMobileApp.debug.xcconfig"; sourceTree = "<group>"; };
		389F549E68F2869589934C24 /* Pods-ApplePlatformsIntegrationMobileTests.debug.xcconfig */ = {isa = PBXFileReference; includeInIndex = 1; lastKnownFileType = text.xcconfig; name = "Pods-ApplePlatformsIntegrationMobileTests.debug.xcconfig"; path = "Target Support Files/Pods-ApplePlatformsIntegrationMobileTests/Pods-ApplePlatformsIntegrationMobileTests.debug.xcconfig"; sourceTree = "<group>"; };
		51D5159824EE845200DD6638 /* iOSDeviceTestHostApp.app */ = {isa = PBXFileReference; explicitFileType = wrapper.application; includeInIndex = 0; path = iOSDeviceTestHostApp.app; sourceTree = BUILT_PRODUCTS_DIR; };
		51D515AB24EE845300DD6638 /* Info.plist */ = {isa = PBXFileReference; lastKnownFileType = text.plist.xml; path = Info.plist; sourceTree = "<group>"; };
		51D515AC24EE845300DD6638 /* main.m */ = {isa = PBXFileReference; lastKnownFileType = sourcecode.c.objc; path = main.m; sourceTree = "<group>"; };
		6619CF7A1ECB0F579C45302C /* Pods_ApplePlatformsIntegrationMobileTests.framework */ = {isa = PBXFileReference; explicitFileType = wrapper.framework; includeInIndex = 0; path = Pods_ApplePlatformsIntegrationMobileTests.framework; sourceTree = BUILT_PRODUCTS_DIR; };
		7185E82510338F98E6D5ABAE /* Pods-ApplePlatformsIntegrationTestApp.release.xcconfig */ = {isa = PBXFileReference; includeInIndex = 1; lastKnownFileType = text.xcconfig; name = "Pods-ApplePlatformsIntegrationTestApp.release.xcconfig"; path = "Target Support Files/Pods-ApplePlatformsIntegrationTestApp/Pods-ApplePlatformsIntegrationTestApp.release.xcconfig"; sourceTree = "<group>"; };
		7C198466C93A1B0680744E8F /* Pods-ApplePlatformsIntegrationMobileTests.release.xcconfig */ = {isa = PBXFileReference; includeInIndex = 1; lastKnownFileType = text.xcconfig; name = "Pods-ApplePlatformsIntegrationMobileTests.release.xcconfig"; path = "Target Support Files/Pods-ApplePlatformsIntegrationMobileTests/Pods-ApplePlatformsIntegrationMobileTests.release.xcconfig"; sourceTree = "<group>"; };
		808C67B4B919AA215848168C /* Pods-ApplePlatformsIntegrationMacTests.release.xcconfig */ = {isa = PBXFileReference; includeInIndex = 1; lastKnownFileType = text.xcconfig; name = "Pods-ApplePlatformsIntegrationMacTests.release.xcconfig"; path = "Target Support Files/Pods-ApplePlatformsIntegrationMacTests/Pods-ApplePlatformsIntegrationMacTests.release.xcconfig"; sourceTree = "<group>"; };
		A1B2AE6857A1A970726F1351 /* Pods-ApplePlatformsIntegrationTestApp.debug.xcconfig */ = {isa = PBXFileReference; includeInIndex = 1; lastKnownFileType = text.xcconfig; name = "Pods-ApplePlatformsIntegrationTestApp.debug.xcconfig"; path = "Target Support Files/Pods-ApplePlatformsIntegrationTestApp/Pods-ApplePlatformsIntegrationTestApp.debug.xcconfig"; sourceTree = "<group>"; };
		A2510A8F9FC45E606FF4D99F /* Pods-ApplePlatformsIntegrationTestMobileApp.release.xcconfig */ = {isa = PBXFileReference; includeInIndex = 1; lastKnownFileType = text.xcconfig; name = "Pods-ApplePlatformsIntegrationTestMobileApp.release.xcconfig"; path = "Target Support Files/Pods-ApplePlatformsIntegrationTestMobileApp/Pods-ApplePlatformsIntegrationTestMobileApp.release.xcconfig"; sourceTree = "<group>"; };
		AD6479D824EBE09200B0F41F /* ApplePlatformsIntegrationMobileTests.xctest */ = {isa = PBXFileReference; explicitFileType = wrapper.cfbundle; includeInIndex = 0; path = ApplePlatformsIntegrationMobileTests.xctest; sourceTree = BUILT_PRODUCTS_DIR; };
		AD6479DA24EBE09200B0F41F /* ApplePlatformsIntegrationTests.mm */ = {isa = PBXFileReference; lastKnownFileType = sourcecode.cpp.objcpp; path = ApplePlatformsIntegrationTests.mm; sourceTree = "<group>"; };
		AD6479DC24EBE09200B0F41F /* Info.plist */ = {isa = PBXFileReference; lastKnownFileType = text.plist.xml; path = Info.plist; sourceTree = "<group>"; };
		ADEC7BBD24EBFF44005AD0D1 /* ApplePlatformsIntegrationMacTests.xctest */ = {isa = PBXFileReference; explicitFileType = wrapper.cfbundle; includeInIndex = 0; path = ApplePlatformsIntegrationMacTests.xctest; sourceTree = BUILT_PRODUCTS_DIR; };
		ADEC7BC124EBFF44005AD0D1 /* Info.plist */ = {isa = PBXFileReference; lastKnownFileType = text.plist.xml; path = Info.plist; sourceTree = "<group>"; };
		C07B9F4D127D4B52FF9015AB /* Pods_ApplePlatformsIntegrationTestApp.framework */ = {isa = PBXFileReference; explicitFileType = wrapper.framework; includeInIndex = 0; path = Pods_ApplePlatformsIntegrationTestApp.framework; sourceTree = BUILT_PRODUCTS_DIR; };
		DE11AB7B823CE538F06589B8 /* Pods-ApplePlatformsIntegrationMacTests.debug.xcconfig */ = {isa = PBXFileReference; includeInIndex = 1; lastKnownFileType = text.xcconfig; name = "Pods-ApplePlatformsIntegrationMacTests.debug.xcconfig"; path = "Target Support Files/Pods-ApplePlatformsIntegrationMacTests/Pods-ApplePlatformsIntegrationMacTests.debug.xcconfig"; sourceTree = "<group>"; };
/* End PBXFileReference section */

/* Begin PBXFrameworksBuildPhase section */
		51D5159524EE845200DD6638 /* Frameworks */ = {
			isa = PBXFrameworksBuildPhase;
			buildActionMask = 2147483647;
			files = (
			);
			runOnlyForDeploymentPostprocessing = 0;
		};
		AD6479D524EBE09200B0F41F /* Frameworks */ = {
			isa = PBXFrameworksBuildPhase;
			buildActionMask = 2147483647;
			files = (
				BD7F5A0B694325283B2814D0 /* Pods_ApplePlatformsIntegrationMobileTests.framework in Frameworks */,
			);
			runOnlyForDeploymentPostprocessing = 0;
		};
		ADEC7BBA24EBFF44005AD0D1 /* Frameworks */ = {
			isa = PBXFrameworksBuildPhase;
			buildActionMask = 2147483647;
			files = (
				D90DCAA1728B38F09D8C1AB2 /* Pods_ApplePlatformsIntegrationMacTests.framework in Frameworks */,
			);
			runOnlyForDeploymentPostprocessing = 0;
		};
/* End PBXFrameworksBuildPhase section */

/* Begin PBXGroup section */
		51387F2F24B4D93100BDA32A = {
			isa = PBXGroup;
			children = (
				AD6479DA24EBE09200B0F41F /* ApplePlatformsIntegrationTests.mm */,
				AD6479D924EBE09200B0F41F /* ApplePlatformsIntegrationMobileTests */,
				ADEC7BBE24EBFF44005AD0D1 /* ApplePlatformsIntegrationMacTests */,
				51D5159924EE845200DD6638 /* iOSDeviceTestHostApp */,
				51387F3924B4D93100BDA32A /* Products */,
				5B15161F422A44367877CB3E /* Pods */,
				95D715CE5183719D082A4A7B /* Frameworks */,
			);
			sourceTree = "<group>";
		};
		51387F3924B4D93100BDA32A /* Products */ = {
			isa = PBXGroup;
			children = (
				AD6479D824EBE09200B0F41F /* ApplePlatformsIntegrationMobileTests.xctest */,
				ADEC7BBD24EBFF44005AD0D1 /* ApplePlatformsIntegrationMacTests.xctest */,
				51D5159824EE845200DD6638 /* iOSDeviceTestHostApp.app */,
			);
			name = Products;
			sourceTree = "<group>";
		};
		51D5159924EE845200DD6638 /* iOSDeviceTestHostApp */ = {
			isa = PBXGroup;
			children = (
				51D515AB24EE845300DD6638 /* Info.plist */,
				51D515AC24EE845300DD6638 /* main.m */,
			);
			path = iOSDeviceTestHostApp;
			sourceTree = "<group>";
		};
		5B15161F422A44367877CB3E /* Pods */ = {
			isa = PBXGroup;
			children = (
				A1B2AE6857A1A970726F1351 /* Pods-ApplePlatformsIntegrationTestApp.debug.xcconfig */,
				7185E82510338F98E6D5ABAE /* Pods-ApplePlatformsIntegrationTestApp.release.xcconfig */,
				367A118885A42674684FEA4A /* Pods-ApplePlatformsIntegrationTestMobileApp.debug.xcconfig */,
				A2510A8F9FC45E606FF4D99F /* Pods-ApplePlatformsIntegrationTestMobileApp.release.xcconfig */,
				389F549E68F2869589934C24 /* Pods-ApplePlatformsIntegrationMobileTests.debug.xcconfig */,
				7C198466C93A1B0680744E8F /* Pods-ApplePlatformsIntegrationMobileTests.release.xcconfig */,
				DE11AB7B823CE538F06589B8 /* Pods-ApplePlatformsIntegrationMacTests.debug.xcconfig */,
				808C67B4B919AA215848168C /* Pods-ApplePlatformsIntegrationMacTests.release.xcconfig */,
			);
			path = Pods;
			sourceTree = "<group>";
		};
		95D715CE5183719D082A4A7B /* Frameworks */ = {
			isa = PBXGroup;
			children = (
				C07B9F4D127D4B52FF9015AB /* Pods_ApplePlatformsIntegrationTestApp.framework */,
				1C38019945AA9814D0B91781 /* Pods_ApplePlatformsIntegrationTestMobileApp.framework */,
				6619CF7A1ECB0F579C45302C /* Pods_ApplePlatformsIntegrationMobileTests.framework */,
				0B4A83CBA7E5D07AC8857DD8 /* Pods_ApplePlatformsIntegrationMacTests.framework */,
			);
			name = Frameworks;
			sourceTree = "<group>";
		};
		AD6479D924EBE09200B0F41F /* ApplePlatformsIntegrationMobileTests */ = {
			isa = PBXGroup;
			children = (
				AD6479DC24EBE09200B0F41F /* Info.plist */,
			);
			path = ApplePlatformsIntegrationMobileTests;
			sourceTree = "<group>";
		};
		ADEC7BBE24EBFF44005AD0D1 /* ApplePlatformsIntegrationMacTests */ = {
			isa = PBXGroup;
			children = (
				ADEC7BC124EBFF44005AD0D1 /* Info.plist */,
			);
			path = ApplePlatformsIntegrationMacTests;
			sourceTree = "<group>";
		};
/* End PBXGroup section */

/* Begin PBXNativeTarget section */
		51D5159724EE845200DD6638 /* iOSDeviceTestHostApp */ = {
			isa = PBXNativeTarget;
			buildConfigurationList = 51D515B024EE845300DD6638 /* Build configuration list for PBXNativeTarget "iOSDeviceTestHostApp" */;
			buildPhases = (
				51D5159424EE845200DD6638 /* Sources */,
				51D5159524EE845200DD6638 /* Frameworks */,
				51D5159624EE845200DD6638 /* Resources */,
			);
			buildRules = (
			);
			dependencies = (
			);
			name = iOSDeviceTestHostApp;
			productName = iOSDeviceTestHostApp;
			productReference = 51D5159824EE845200DD6638 /* iOSDeviceTestHostApp.app */;
			productType = "com.apple.product-type.application";
		};
		AD6479D724EBE09200B0F41F /* ApplePlatformsIntegrationMobileTests */ = {
			isa = PBXNativeTarget;
			buildConfigurationList = AD6479DF24EBE09200B0F41F /* Build configuration list for PBXNativeTarget "ApplePlatformsIntegrationMobileTests" */;
			buildPhases = (
				26837883FBFEF6D4E7150AD1 /* [CP] Check Pods Manifest.lock */,
				AD6479D424EBE09200B0F41F /* Sources */,
				AD6479D524EBE09200B0F41F /* Frameworks */,
				AD6479D624EBE09200B0F41F /* Resources */,
				B83CBB0FF9F9715EFD4AA32A /* [CP] Embed Pods Frameworks */,
			);
			buildRules = (
			);
			dependencies = (
				51D515B224EE84BE00DD6638 /* PBXTargetDependency */,
			);
			name = ApplePlatformsIntegrationMobileTests;
			productName = ApplePlatformsIntegrationMobileTests;
			productReference = AD6479D824EBE09200B0F41F /* ApplePlatformsIntegrationMobileTests.xctest */;
			productType = "com.apple.product-type.bundle.unit-test";
		};
		ADEC7BBC24EBFF44005AD0D1 /* ApplePlatformsIntegrationMacTests */ = {
			isa = PBXNativeTarget;
			buildConfigurationList = ADEC7BC224EBFF44005AD0D1 /* Build configuration list for PBXNativeTarget "ApplePlatformsIntegrationMacTests" */;
			buildPhases = (
				1E973DDFB6FAE5F4973319B2 /* [CP] Check Pods Manifest.lock */,
				ADEC7BB924EBFF44005AD0D1 /* Sources */,
				ADEC7BBA24EBFF44005AD0D1 /* Frameworks */,
				ADEC7BBB24EBFF44005AD0D1 /* Resources */,
				22B5AC04C28FCCE8323CA719 /* [CP] Embed Pods Frameworks */,
			);
			buildRules = (
			);
			dependencies = (
			);
			name = ApplePlatformsIntegrationMacTests;
			productName = ApplePlatformsIntegrationMacTests;
			productReference = ADEC7BBD24EBFF44005AD0D1 /* ApplePlatformsIntegrationMacTests.xctest */;
			productType = "com.apple.product-type.bundle.unit-test";
		};
/* End PBXNativeTarget section */

/* Begin PBXProject section */
		51387F3024B4D93100BDA32A /* Project object */ = {
			isa = PBXProject;
			attributes = {
				LastUpgradeCheck = 1150;
				ORGANIZATIONNAME = "";
				TargetAttributes = {
					51D5159724EE845200DD6638 = {
						CreatedOnToolsVersion = 11.6;
					};
					AD6479D724EBE09200B0F41F = {
						CreatedOnToolsVersion = 11.6;
					};
					ADEC7BBC24EBFF44005AD0D1 = {
						CreatedOnToolsVersion = 11.6;
					};
				};
			};
			buildConfigurationList = 51387F3324B4D93100BDA32A /* Build configuration list for PBXProject "ApplePlatformsIntegrationTests" */;
			compatibilityVersion = "Xcode 9.3";
			developmentRegion = en;
			hasScannedForEncodings = 0;
			knownRegions = (
				en,
				Base,
			);
			mainGroup = 51387F2F24B4D93100BDA32A;
			productRefGroup = 51387F3924B4D93100BDA32A /* Products */;
			projectDirPath = "";
			projectRoot = "";
			targets = (
				AD6479D724EBE09200B0F41F /* ApplePlatformsIntegrationMobileTests */,
				ADEC7BBC24EBFF44005AD0D1 /* ApplePlatformsIntegrationMacTests */,
				51D5159724EE845200DD6638 /* iOSDeviceTestHostApp */,
			);
		};
/* End PBXProject section */

/* Begin PBXResourcesBuildPhase section */
		51D5159624EE845200DD6638 /* Resources */ = {
			isa = PBXResourcesBuildPhase;
			buildActionMask = 2147483647;
			files = (
			);
			runOnlyForDeploymentPostprocessing = 0;
		};
		AD6479D624EBE09200B0F41F /* Resources */ = {
			isa = PBXResourcesBuildPhase;
			buildActionMask = 2147483647;
			files = (
			);
			runOnlyForDeploymentPostprocessing = 0;
		};
		ADEC7BBB24EBFF44005AD0D1 /* Resources */ = {
			isa = PBXResourcesBuildPhase;
			buildActionMask = 2147483647;
			files = (
			);
			runOnlyForDeploymentPostprocessing = 0;
		};
/* End PBXResourcesBuildPhase section */

/* Begin PBXShellScriptBuildPhase section */
		1E973DDFB6FAE5F4973319B2 /* [CP] Check Pods Manifest.lock */ = {
			isa = PBXShellScriptBuildPhase;
			buildActionMask = 2147483647;
			files = (
			);
			inputFileListPaths = (
			);
			inputPaths = (
				"${PODS_PODFILE_DIR_PATH}/Podfile.lock",
				"${PODS_ROOT}/Manifest.lock",
			);
			name = "[CP] Check Pods Manifest.lock";
			outputFileListPaths = (
			);
			outputPaths = (
				"$(DERIVED_FILE_DIR)/Pods-ApplePlatformsIntegrationMacTests-checkManifestLockResult.txt",
			);
			runOnlyForDeploymentPostprocessing = 0;
			shellPath = /bin/sh;
			shellScript = "diff \"${PODS_PODFILE_DIR_PATH}/Podfile.lock\" \"${PODS_ROOT}/Manifest.lock\" > /dev/null\nif [ $? != 0 ] ; then\n    # print error to STDERR\n    echo \"error: The sandbox is not in sync with the Podfile.lock. Run 'pod install' or update your CocoaPods installation.\" >&2\n    exit 1\nfi\n# This output is used by Xcode 'outputs' to avoid re-running this script phase.\necho \"SUCCESS\" > \"${SCRIPT_OUTPUT_FILE_0}\"\n";
			showEnvVarsInLog = 0;
		};
		22B5AC04C28FCCE8323CA719 /* [CP] Embed Pods Frameworks */ = {
			isa = PBXShellScriptBuildPhase;
			buildActionMask = 2147483647;
			files = (
			);
			inputFileListPaths = (
				"${PODS_ROOT}/Target Support Files/Pods-ApplePlatformsIntegrationMacTests/Pods-ApplePlatformsIntegrationMacTests-frameworks-${CONFIGURATION}-input-files.xcfilelist",
			);
			name = "[CP] Embed Pods Frameworks";
			outputFileListPaths = (
				"${PODS_ROOT}/Target Support Files/Pods-ApplePlatformsIntegrationMacTests/Pods-ApplePlatformsIntegrationMacTests-frameworks-${CONFIGURATION}-output-files.xcfilelist",
			);
			runOnlyForDeploymentPostprocessing = 0;
			shellPath = /bin/sh;
			shellScript = "\"${PODS_ROOT}/Target Support Files/Pods-ApplePlatformsIntegrationMacTests/Pods-ApplePlatformsIntegrationMacTests-frameworks.sh\"\n";
			showEnvVarsInLog = 0;
		};
		26837883FBFEF6D4E7150AD1 /* [CP] Check Pods Manifest.lock */ = {
			isa = PBXShellScriptBuildPhase;
			buildActionMask = 2147483647;
			files = (
			);
			inputFileListPaths = (
			);
			inputPaths = (
				"${PODS_PODFILE_DIR_PATH}/Podfile.lock",
				"${PODS_ROOT}/Manifest.lock",
			);
			name = "[CP] Check Pods Manifest.lock";
			outputFileListPaths = (
			);
			outputPaths = (
				"$(DERIVED_FILE_DIR)/Pods-ApplePlatformsIntegrationMobileTests-checkManifestLockResult.txt",
			);
			runOnlyForDeploymentPostprocessing = 0;
			shellPath = /bin/sh;
			shellScript = "diff \"${PODS_PODFILE_DIR_PATH}/Podfile.lock\" \"${PODS_ROOT}/Manifest.lock\" > /dev/null\nif [ $? != 0 ] ; then\n    # print error to STDERR\n    echo \"error: The sandbox is not in sync with the Podfile.lock. Run 'pod install' or update your CocoaPods installation.\" >&2\n    exit 1\nfi\n# This output is used by Xcode 'outputs' to avoid re-running this script phase.\necho \"SUCCESS\" > \"${SCRIPT_OUTPUT_FILE_0}\"\n";
			showEnvVarsInLog = 0;
		};
		B83CBB0FF9F9715EFD4AA32A /* [CP] Embed Pods Frameworks */ = {
			isa = PBXShellScriptBuildPhase;
			buildActionMask = 2147483647;
			files = (
			);
			inputFileListPaths = (
				"${PODS_ROOT}/Target Support Files/Pods-ApplePlatformsIntegrationMobileTests/Pods-ApplePlatformsIntegrationMobileTests-frameworks-${CONFIGURATION}-input-files.xcfilelist",
			);
			name = "[CP] Embed Pods Frameworks";
			outputFileListPaths = (
				"${PODS_ROOT}/Target Support Files/Pods-ApplePlatformsIntegrationMobileTests/Pods-ApplePlatformsIntegrationMobileTests-frameworks-${CONFIGURATION}-output-files.xcfilelist",
			);
			runOnlyForDeploymentPostprocessing = 0;
			shellPath = /bin/sh;
			shellScript = "\"${PODS_ROOT}/Target Support Files/Pods-ApplePlatformsIntegrationMobileTests/Pods-ApplePlatformsIntegrationMobileTests-frameworks.sh\"\n";
			showEnvVarsInLog = 0;
		};
/* End PBXShellScriptBuildPhase section */

/* Begin PBXSourcesBuildPhase section */
		51D5159424EE845200DD6638 /* Sources */ = {
			isa = PBXSourcesBuildPhase;
			buildActionMask = 2147483647;
			files = (
				51D515AD24EE845300DD6638 /* main.m in Sources */,
			);
			runOnlyForDeploymentPostprocessing = 0;
		};
		AD6479D424EBE09200B0F41F /* Sources */ = {
			isa = PBXSourcesBuildPhase;
			buildActionMask = 2147483647;
			files = (
				AD6479DB24EBE09200B0F41F /* ApplePlatformsIntegrationTests.mm in Sources */,
			);
			runOnlyForDeploymentPostprocessing = 0;
		};
		ADEC7BB924EBFF44005AD0D1 /* Sources */ = {
			isa = PBXSourcesBuildPhase;
			buildActionMask = 2147483647;
			files = (
				ADEC7BC524EC008E005AD0D1 /* ApplePlatformsIntegrationTests.mm in Sources */,
			);
			runOnlyForDeploymentPostprocessing = 0;
		};
/* End PBXSourcesBuildPhase section */

/* Begin PBXTargetDependency section */
		51D515B224EE84BE00DD6638 /* PBXTargetDependency */ = {
			isa = PBXTargetDependency;
			target = 51D5159724EE845200DD6638 /* iOSDeviceTestHostApp */;
			targetProxy = 51D515B124EE84BE00DD6638 /* PBXContainerItemProxy */;
		};
/* End PBXTargetDependency section */

/* Begin XCBuildConfiguration section */
		51387F4A24B4D93300BDA32A /* Debug */ = {
			isa = XCBuildConfiguration;
			buildSettings = {
				ALWAYS_SEARCH_USER_PATHS = NO;
				CLANG_ANALYZER_NONNULL = YES;
				CLANG_ANALYZER_NUMBER_OBJECT_CONVERSION = YES_AGGRESSIVE;
				CLANG_CXX_LANGUAGE_STANDARD = "gnu++14";
				CLANG_CXX_LIBRARY = "libc++";
				CLANG_ENABLE_MODULES = YES;
				CLANG_ENABLE_OBJC_ARC = YES;
				CLANG_ENABLE_OBJC_WEAK = YES;
				CLANG_WARN_BLOCK_CAPTURE_AUTORELEASING = YES;
				CLANG_WARN_BOOL_CONVERSION = YES;
				CLANG_WARN_COMMA = YES;
				CLANG_WARN_CONSTANT_CONVERSION = YES;
				CLANG_WARN_DEPRECATED_OBJC_IMPLEMENTATIONS = YES;
				CLANG_WARN_DIRECT_OBJC_ISA_USAGE = YES_ERROR;
				CLANG_WARN_DOCUMENTATION_COMMENTS = YES;
				CLANG_WARN_EMPTY_BODY = YES;
				CLANG_WARN_ENUM_CONVERSION = YES;
				CLANG_WARN_INFINITE_RECURSION = YES;
				CLANG_WARN_INT_CONVERSION = YES;
				CLANG_WARN_NON_LITERAL_NULL_CONVERSION = YES;
				CLANG_WARN_OBJC_IMPLICIT_RETAIN_SELF = YES;
				CLANG_WARN_OBJC_LITERAL_CONVERSION = YES;
				CLANG_WARN_OBJC_ROOT_CLASS = YES_ERROR;
				CLANG_WARN_RANGE_LOOP_ANALYSIS = YES;
				CLANG_WARN_STRICT_PROTOTYPES = YES;
				CLANG_WARN_SUSPICIOUS_MOVE = YES;
				CLANG_WARN_UNGUARDED_AVAILABILITY = YES_AGGRESSIVE;
				CLANG_WARN_UNREACHABLE_CODE = YES;
				CLANG_WARN__DUPLICATE_METHOD_MATCH = YES;
				COPY_PHASE_STRIP = NO;
				DEBUG_INFORMATION_FORMAT = dwarf;
				ENABLE_STRICT_OBJC_MSGSEND = YES;
				ENABLE_TESTABILITY = YES;
				GCC_C_LANGUAGE_STANDARD = gnu11;
				GCC_DYNAMIC_NO_PIC = NO;
				GCC_NO_COMMON_BLOCKS = YES;
				GCC_OPTIMIZATION_LEVEL = 0;
				GCC_PREPROCESSOR_DEFINITIONS = (
					"DEBUG=1",
					"$(inherited)",
				);
				GCC_WARN_64_TO_32_BIT_CONVERSION = YES;
				GCC_WARN_ABOUT_RETURN_TYPE = YES_ERROR;
				GCC_WARN_UNDECLARED_SELECTOR = YES;
				GCC_WARN_UNINITIALIZED_AUTOS = YES_AGGRESSIVE;
				GCC_WARN_UNUSED_FUNCTION = YES;
				GCC_WARN_UNUSED_VARIABLE = YES;
				IPHONEOS_DEPLOYMENT_TARGET = 10.0;
				MACOSX_DEPLOYMENT_TARGET = 10.14;
				MTL_ENABLE_DEBUG_INFO = INCLUDE_SOURCE;
				MTL_FAST_MATH = YES;
				ONLY_ACTIVE_ARCH = YES;
				SDKROOT = macosx;
			};
			name = Debug;
		};
		51387F4B24B4D93300BDA32A /* Release */ = {
			isa = XCBuildConfiguration;
			buildSettings = {
				ALWAYS_SEARCH_USER_PATHS = NO;
				CLANG_ANALYZER_NONNULL = YES;
				CLANG_ANALYZER_NUMBER_OBJECT_CONVERSION = YES_AGGRESSIVE;
				CLANG_CXX_LANGUAGE_STANDARD = "gnu++14";
				CLANG_CXX_LIBRARY = "libc++";
				CLANG_ENABLE_MODULES = YES;
				CLANG_ENABLE_OBJC_ARC = YES;
				CLANG_ENABLE_OBJC_WEAK = YES;
				CLANG_WARN_BLOCK_CAPTURE_AUTORELEASING = YES;
				CLANG_WARN_BOOL_CONVERSION = YES;
				CLANG_WARN_COMMA = YES;
				CLANG_WARN_CONSTANT_CONVERSION = YES;
				CLANG_WARN_DEPRECATED_OBJC_IMPLEMENTATIONS = YES;
				CLANG_WARN_DIRECT_OBJC_ISA_USAGE = YES_ERROR;
				CLANG_WARN_DOCUMENTATION_COMMENTS = YES;
				CLANG_WARN_EMPTY_BODY = YES;
				CLANG_WARN_ENUM_CONVERSION = YES;
				CLANG_WARN_INFINITE_RECURSION = YES;
				CLANG_WARN_INT_CONVERSION = YES;
				CLANG_WARN_NON_LITERAL_NULL_CONVERSION = YES;
				CLANG_WARN_OBJC_IMPLICIT_RETAIN_SELF = YES;
				CLANG_WARN_OBJC_LITERAL_CONVERSION = YES;
				CLANG_WARN_OBJC_ROOT_CLASS = YES_ERROR;
				CLANG_WARN_RANGE_LOOP_ANALYSIS = YES;
				CLANG_WARN_STRICT_PROTOTYPES = YES;
				CLANG_WARN_SUSPICIOUS_MOVE = YES;
				CLANG_WARN_UNGUARDED_AVAILABILITY = YES_AGGRESSIVE;
				CLANG_WARN_UNREACHABLE_CODE = YES;
				CLANG_WARN__DUPLICATE_METHOD_MATCH = YES;
				COPY_PHASE_STRIP = NO;
				DEBUG_INFORMATION_FORMAT = "dwarf-with-dsym";
				ENABLE_NS_ASSERTIONS = NO;
				ENABLE_STRICT_OBJC_MSGSEND = YES;
				GCC_C_LANGUAGE_STANDARD = gnu11;
				GCC_NO_COMMON_BLOCKS = YES;
				GCC_WARN_64_TO_32_BIT_CONVERSION = YES;
				GCC_WARN_ABOUT_RETURN_TYPE = YES_ERROR;
				GCC_WARN_UNDECLARED_SELECTOR = YES;
				GCC_WARN_UNINITIALIZED_AUTOS = YES_AGGRESSIVE;
				GCC_WARN_UNUSED_FUNCTION = YES;
				GCC_WARN_UNUSED_VARIABLE = YES;
				IPHONEOS_DEPLOYMENT_TARGET = 10.0;
				MACOSX_DEPLOYMENT_TARGET = 10.14;
				MTL_ENABLE_DEBUG_INFO = NO;
				MTL_FAST_MATH = YES;
				SDKROOT = macosx;
			};
			name = Release;
		};
		51D515AE24EE845300DD6638 /* Debug */ = {
			isa = XCBuildConfiguration;
			buildSettings = {
				ASSETCATALOG_COMPILER_APPICON_NAME = AppIcon;
				CODE_SIGN_STYLE = Automatic;
				DEVELOPMENT_TEAM = "";
				INFOPLIST_FILE = iOSDeviceTestHostApp/Info.plist;
				LD_RUNPATH_SEARCH_PATHS = (
					"$(inherited)",
					"@executable_path/Frameworks",
				);
				PRODUCT_BUNDLE_IDENTIFIER = dev.hermesengine.iOSDeviceTestHostApp;
				PRODUCT_NAME = "$(TARGET_NAME)";
				SDKROOT = iphoneos;
				TARGETED_DEVICE_FAMILY = "1,2";
			};
			name = Debug;
		};
		51D515AF24EE845300DD6638 /* Release */ = {
			isa = XCBuildConfiguration;
			buildSettings = {
				ASSETCATALOG_COMPILER_APPICON_NAME = AppIcon;
				CODE_SIGN_STYLE = Automatic;
				DEVELOPMENT_TEAM = "";
				INFOPLIST_FILE = iOSDeviceTestHostApp/Info.plist;
				LD_RUNPATH_SEARCH_PATHS = (
					"$(inherited)",
					"@executable_path/Frameworks",
				);
				PRODUCT_BUNDLE_IDENTIFIER = dev.hermesengine.iOSDeviceTestHostApp;
				PRODUCT_NAME = "$(TARGET_NAME)";
				SDKROOT = iphoneos;
				TARGETED_DEVICE_FAMILY = "1,2";
				VALIDATE_PRODUCT = YES;
			};
			name = Release;
		};
		AD6479DD24EBE09200B0F41F /* Debug */ = {
			isa = XCBuildConfiguration;
			baseConfigurationReference = 389F549E68F2869589934C24 /* Pods-ApplePlatformsIntegrationMobileTests.debug.xcconfig */;
			buildSettings = {
				CODE_SIGN_STYLE = Automatic;
				DEVELOPMENT_TEAM = "";
				INFOPLIST_FILE = ApplePlatformsIntegrationMobileTests/Info.plist;
				LD_RUNPATH_SEARCH_PATHS = (
					"$(inherited)",
					"@executable_path/Frameworks",
					"@loader_path/Frameworks",
				);
				PRODUCT_BUNDLE_IDENTIFIER = dev.hermesengine.ApplePlatformsIntegrationMobileTests.ApplePlatformsIntegrationMobileTests;
				PRODUCT_NAME = "$(TARGET_NAME)";
				SDKROOT = iphoneos;
				SUPPORTS_MACCATALYST = NO;
				TARGETED_DEVICE_FAMILY = "1,2";
			};
			name = Debug;
		};
		AD6479DE24EBE09200B0F41F /* Release */ = {
			isa = XCBuildConfiguration;
			baseConfigurationReference = 7C198466C93A1B0680744E8F /* Pods-ApplePlatformsIntegrationMobileTests.release.xcconfig */;
			buildSettings = {
				CODE_SIGN_STYLE = Automatic;
				DEVELOPMENT_TEAM = "";
				INFOPLIST_FILE = ApplePlatformsIntegrationMobileTests/Info.plist;
				LD_RUNPATH_SEARCH_PATHS = (
					"$(inherited)",
					"@executable_path/Frameworks",
					"@loader_path/Frameworks",
				);
				PRODUCT_BUNDLE_IDENTIFIER = dev.hermesengine.ApplePlatformsIntegrationMobileTests.ApplePlatformsIntegrationMobileTests;
				PRODUCT_NAME = "$(TARGET_NAME)";
				SDKROOT = iphoneos;
				SUPPORTS_MACCATALYST = NO;
				TARGETED_DEVICE_FAMILY = "1,2";
				VALIDATE_PRODUCT = YES;
			};
			name = Release;
		};
		ADEC7BC324EBFF44005AD0D1 /* Debug */ = {
			isa = XCBuildConfiguration;
			baseConfigurationReference = DE11AB7B823CE538F06589B8 /* Pods-ApplePlatformsIntegrationMacTests.debug.xcconfig */;
			buildSettings = {
				CODE_SIGN_STYLE = Automatic;
				COMBINE_HIDPI_IMAGES = YES;
				INFOPLIST_FILE = ApplePlatformsIntegrationMacTests/Info.plist;
				LD_RUNPATH_SEARCH_PATHS = (
					"$(inherited)",
					"@executable_path/../Frameworks",
					"@loader_path/../Frameworks",
				);
				PRODUCT_BUNDLE_IDENTIFIER = dev.hermesengine.ApplePlatformsIntegrationMacTests.ApplePlatformsIntegrationMacTests;
				PRODUCT_NAME = "$(TARGET_NAME)";
			};
			name = Debug;
		};
		ADEC7BC424EBFF44005AD0D1 /* Release */ = {
			isa = XCBuildConfiguration;
			baseConfigurationReference = 808C67B4B919AA215848168C /* Pods-ApplePlatformsIntegrationMacTests.release.xcconfig */;
			buildSettings = {
				CODE_SIGN_STYLE = Automatic;
				COMBINE_HIDPI_IMAGES = YES;
				INFOPLIST_FILE = ApplePlatformsIntegrationMacTests/Info.plist;
				LD_RUNPATH_SEARCH_PATHS = (
					"$(inherited)",
					"@executable_path/../Frameworks",
					"@loader_path/../Frameworks",
				);
				PRODUCT_BUNDLE_IDENTIFIER = dev.hermesengine.ApplePlatformsIntegrationMacTests.ApplePlatformsIntegrationMacTests;
				PRODUCT_NAME = "$(TARGET_NAME)";
			};
			name = Release;
		};
/* End XCBuildConfiguration section */

/* Begin XCConfigurationList section */
		51387F3324B4D93100BDA32A /* Build configuration list for PBXProject "ApplePlatformsIntegrationTests" */ = {
			isa = XCConfigurationList;
			buildConfigurations = (
				51387F4A24B4D93300BDA32A /* Debug */,
				51387F4B24B4D93300BDA32A /* Release */,
			);
			defaultConfigurationIsVisible = 0;
			defaultConfigurationName = Release;
		};
		51D515B024EE845300DD6638 /* Build configuration list for PBXNativeTarget "iOSDeviceTestHostApp" */ = {
			isa = XCConfigurationList;
			buildConfigurations = (
				51D515AE24EE845300DD6638 /* Debug */,
				51D515AF24EE845300DD6638 /* Release */,
			);
			defaultConfigurationIsVisible = 0;
			defaultConfigurationName = Release;
		};
		AD6479DF24EBE09200B0F41F /* Build configuration list for PBXNativeTarget "ApplePlatformsIntegrationMobileTests" */ = {
			isa = XCConfigurationList;
			buildConfigurations = (
				AD6479DD24EBE09200B0F41F /* Debug */,
				AD6479DE24EBE09200B0F41F /* Release */,
			);
			defaultConfigurationIsVisible = 0;
			defaultConfigurationName = Release;
		};
		ADEC7BC224EBFF44005AD0D1 /* Build configuration list for PBXNativeTarget "ApplePlatformsIntegrationMacTests" */ = {
			isa = XCConfigurationList;
			buildConfigurations = (
				ADEC7BC324EBFF44005AD0D1 /* Debug */,
				ADEC7BC424EBFF44005AD0D1 /* Release */,
			);
			defaultConfigurationIsVisible = 0;
			defaultConfigurationName = Release;
		};
/* End XCConfigurationList section */
	};
	rootObject = 51387F3024B4D93100BDA32A /* Project object */;
}
