{
  "name": "hermes-fork-sync",
  "version": "0.0.0",
  "lockfileVersion": 3,
  "requires": true,
  "packages": {
    "": {
      "name": "hermes-fork-sync",
      "version": "0.0.0",
      "dependencies": {
        "@rnx-kit/fork-sync": "^0.4.0"
      }
    },
    "node_modules/@rnx-kit/fork-sync": {
      "version": "0.4.0",
      "resolved": "https://registry.npmjs.org/@rnx-kit/fork-sync/-/fork-sync-0.4.0.tgz",
      "integrity": "sha512-AtHJbRMrJqvIVjo8M3KWlBxSE2Xj1ETgKOawy6sRRpYrToyPP18+sbVt++GUce7vyjW+02sVxTikHNXgD88qBA==",
      "license": "MIT",
      "bin": {
        "ai-merge": "lib/ai-merge.js",
        "fork-sync": "lib/sync.js"
      },
      "engines": {
        "node": "^20.16.0 || >=22.4.0"
      }
    }
  }
}
