{
  "name": "hermes-fork-sync",
  "version": "0.0.0",
  "lockfileVersion": 3,
  "requires": true,
  "packages": {
    "": {
      "name": "hermes-fork-sync",
      "version": "0.0.0",
      "dependencies": {
        "@rnx-kit/fork-sync": "^0.2.0"
      }
    },
    "node_modules/@rnx-kit/fork-sync": {
      "version": "0.2.0",
      "resolved": "https://registry.npmjs.org/@rnx-kit/fork-sync/-/fork-sync-0.2.0.tgz",
      "integrity": "sha512-DpuJ2UlBev+HzgyQyb2Yp93wAQZHw0tGf7lUSdAlVhguakH0Acvx5w37IDQk9VN7mCUQboCtCkenXicb8OKqkA==",
      "license": "MIT",
      "bin": {
        "ai-merge": "lib/ai-merge.js",
        "fork-sync": "lib/sync.js"
      },
      "engines": {
        "node": "^20.16.0 || >=22.4.0"
      }
    }
  }
}
